
Microsoft Visual Studio Solution File, Format Version 12.00
# Visual Studio Version 17
VisualStudioVersion = 17.8.34330.188
MinimumVisualStudioVersion = 10.0.40219.1
Project("{9A19103F-16F7-4668-BE54-9A1E7A4F7556}") = "Jevstafjev.Anecdotes.Client", "Jevstafjev.Anecdotes.Client\Jevstafjev.Anecdotes.Client.csproj", "{14104FB4-1FCF-46FD-BCAB-0F66E4440671}"
EndProject
Global
	GlobalSection(SolutionConfigurationPlatforms) = preSolution
		Debug|Any CPU = Debug|Any CPU
		Release|Any CPU = Release|Any CPU
	EndGlobalSection
	GlobalSection(ProjectConfigurationPlatforms) = postSolution
		{14104FB4-1FCF-46FD-BCAB-0F66E4440671}.Debug|Any CPU.ActiveCfg = Debug|Any CPU
		{14104FB4-1FCF-46FD-BCAB-0F66E4440671}.Debug|Any CPU.Build.0 = Debug|Any CPU
		{14104FB4-1FCF-46FD-BCAB-0F66E4440671}.Release|Any CPU.ActiveCfg = Release|Any CPU
		{14104FB4-1FCF-46FD-BCAB-0F66E4440671}.Release|Any CPU.Build.0 = Release|Any CPU
	EndGlobalSection
	GlobalSection(SolutionProperties) = preSolution
		HideSolutionNode = FALSE
	EndGlobalSection
	GlobalSection(ExtensibilityGlobals) = postSolution
		SolutionGuid = {1A40C5EA-6B3D-4311-BEDC-6750D5E73A39}
	EndGlobalSection
EndGlobal
